{
  "name": "visual-flow-builder-root",
  "version": "0.1.0",
  "lockfileVersion": 3,
  "requires": true,
  "packages": {
    "": {
      "name": "visual-flow-builder-root",
      "version": "0.1.0",
      "dependencies": {
        "visual-flow-builder-root": "file:"
      }
    },
    "node_modules/visual-flow-builder-root": {
      "resolved": "",
      "link": true
    }
  }
}
